
Microsoft Visual Studio Solution File, Format Version 12.00
# Visual Studio Version 17
VisualStudioVersion = 17.6.33815.320
MinimumVisualStudioVersion = 10.0.40219.1
Project("{2150E333-8FDC-42A3-9474-1A3956D46DE8}") = "OnlineCinema", "OnlineCinema", "{13EA6CA7-0E1A-4EDE-85B0-E11921EA41FE}"
EndProject
Project("{FAE04EC0-301F-11D3-BF4B-00C04F79EFBC}") = "OnlineCinema.Web", "OnlineCinema\OnlineCinema.Web\OnlineCinema.Web.csproj", "{A8D4A6F6-79D4-41EE-B473-8354D620937F}"
EndProject
Global
	GlobalSection(SolutionConfigurationPlatforms) = preSolution
		Debug|Any CPU = Debug|Any CPU
		Release|Any CPU = Release|Any CPU
	EndGlobalSection
	GlobalSection(ProjectConfigurationPlatforms) = postSolution
		{A8D4A6F6-79D4-41EE-B473-8354D620937F}.Debug|Any CPU.ActiveCfg = Debug|Any CPU
		{A8D4A6F6-79D4-41EE-B473-8354D620937F}.Debug|Any CPU.Build.0 = Debug|Any CPU
		{A8D4A6F6-79D4-41EE-B473-8354D620937F}.Release|Any CPU.ActiveCfg = Release|Any CPU
		{A8D4A6F6-79D4-41EE-B473-8354D620937F}.Release|Any CPU.Build.0 = Release|Any CPU
	EndGlobalSection
	GlobalSection(SolutionProperties) = preSolution
		HideSolutionNode = FALSE
	EndGlobalSection
	GlobalSection(NestedProjects) = preSolution
		{A8D4A6F6-79D4-41EE-B473-8354D620937F} = {13EA6CA7-0E1A-4EDE-85B0-E11921EA41FE}
	EndGlobalSection
	GlobalSection(ExtensibilityGlobals) = postSolution
		SolutionGuid = {CEC0B9B3-79AF-40AC-9198-642BAFCD1E88}
	EndGlobalSection
EndGlobal
